{
  "nodes": {
    "caelestia-cli": {
      "inputs": {
        "caelestia-shell": [
          "caelestia-shell"
        ],
        "nixpkgs": [
          "caelestia-shell",
          "nixpkgs"
        ]
      },
      "locked": {
        "lastModified": 1772764582,
        "narHash": "sha256-hSwjmpXHFqzSXrndVekA0IheKrbC7wi0IbfZTYwlmXw=",
        "owner": "caelestia-dots",
        "repo": "cli",
        "rev": "4bcd42f482d038b98145b0b03388244b68b7d35d",
        "type": "github"
      },
      "original": {
        "owner": "caelestia-dots",
        "repo": "cli",
        "type": "github"
      }
    },
    "caelestia-shell": {
      "inputs": {
        "caelestia-cli": "caelestia-cli",
        "nixpkgs": [
          "nixpkgs"
        ],
        "quickshell": "quickshell"
      },
      "locked": {
        "lastModified": 1773732413,
        "narHash": "sha256-ScUMKWQF2hmHjPyAP269Q7BgrVVgEA7Y6u2V2+gOHTY=",
        "owner": "caelestia-dots",
        "repo": "shell",
        "rev": "60de5a129a6ec7ba1d43d97600ee0ca993204616",
        "type": "github"
      },
      "original": {
        "owner": "caelestia-dots",
        "repo": "shell",
        "type": "github"
      }
    },
    "home-manager": {
      "inputs": {
        "nixpkgs": [
          "nixpkgs"
        ]
      },
      "locked": {
        "lastModified": 1773681856,
        "narHash": "sha256-+bRqxoFCJFO9ZTFhcCkzNXbDT3b8AEk88fyjB7Is6eo=",
        "owner": "nix-community",
        "repo": "home-manager",
        "rev": "57d5560ee92a424fb71fde800acd6ed2c725dfce",
        "type": "github"
      },
      "original": {
        "owner": "nix-community",
        "repo": "home-manager",
        "type": "github"
      }
    },
    "nixpkgs": {
      "locked": {
        "lastModified": 1773646010,
        "narHash": "sha256-iYrs97hS7p5u4lQzuNWzuALGIOdkPXvjz7bviiBjUu8=",
        "owner": "NixOS",
        "repo": "nixpkgs",
        "rev": "5b2c2d84341b2afb5647081c1386a80d7a8d8605",
        "type": "github"
      },
      "original": {
        "id": "nixpkgs",
        "ref": "nixos-unstable",
        "type": "indirect"
      }
    },
    "quickshell": {
      "inputs": {
        "nixpkgs": [
          "caelestia-shell",
          "nixpkgs"
        ]
      },
      "locked": {
        "lastModified": 1772925576,
        "narHash": "sha256-mMoiXABDtkSJxCYDrkhJ/TrrJf5M46oUfIlJvv2gkZ0=",
        "ref": "refs/heads/master",
        "rev": "15a84097653593dd15fad59a56befc2b7bdc270d",
        "revCount": 750,
        "type": "git",
        "url": "https://git.outfoxxed.me/outfoxxed/quickshell"
      },
      "original": {
        "type": "git",
        "url": "https://git.outfoxxed.me/outfoxxed/quickshell"
      }
    },
    "root": {
      "inputs": {
        "caelestia-shell": "caelestia-shell",
        "home-manager": "home-manager",
        "nixpkgs": "nixpkgs"
      }
    }
  },
  "root": "root",
  "version": 7
}
